
Microsoft Visual Studio Solution File, Format Version 12.00
# Visual Studio Version 16
VisualStudioVersion = 16.0.30309.148
MinimumVisualStudioVersion = 10.0.40219.1
Project("{FAE04EC0-301F-11D3-BF4B-00C04F79EFBC}") = "HerramientasBigData", "HerramientasBigData\HerramientasBigData.csproj", "{FC708FBB-8167-4369-994E-970984D4CF28}"
EndProject
Global
	GlobalSection(SolutionConfigurationPlatforms) = preSolution
		Debug|Any CPU = Debug|Any CPU
		Release|Any CPU = Release|Any CPU
	EndGlobalSection
	GlobalSection(ProjectConfigurationPlatforms) = postSolution
		{FC708FBB-8167-4369-994E-970984D4CF28}.Debug|Any CPU.ActiveCfg = Debug|Any CPU
		{FC708FBB-8167-4369-994E-970984D4CF28}.Debug|Any CPU.Build.0 = Debug|Any CPU
		{FC708FBB-8167-4369-994E-970984D4CF28}.Release|Any CPU.ActiveCfg = Release|Any CPU
		{FC708FBB-8167-4369-994E-970984D4CF28}.Release|Any CPU.Build.0 = Release|Any CPU
	EndGlobalSection
	GlobalSection(SolutionProperties) = preSolution
		HideSolutionNode = FALSE
	EndGlobalSection
	GlobalSection(ExtensibilityGlobals) = postSolution
		SolutionGuid = {4DE073B2-DC92-4F65-B12E-FE9FDAD3BF95}
	EndGlobalSection
EndGlobal
